{
  "requires": true,
  "lockfileVersion": 1,
  "dependencies": {
    "formik-material-ui": {
      "version": "1.0.0",
      "resolved": "https://registry.npmjs.org/formik-material-ui/-/formik-material-ui-1.0.0.tgz",
      "integrity": "sha512-m9Q9PrebdT2XQRY8LbxAecXgXeQ8Sxa/UC/skG2ekwt+x5E1N3vvOw2A91GHi7rXkhNO32nQTDu6z7HJ3phLzA=="
    }
  }
}
